
Microsoft Visual Studio Solution File, Format Version 12.00
# Visual Studio 15
VisualStudioVersion = 15.0.28307.136
MinimumVisualStudioVersion = 10.0.40219.1
Project("{FAE04EC0-301F-11D3-BF4B-00C04F79EFBC}") = "MailRuEncryptedCloud", "MailRuEncryptedCloud\MailRuEncryptedCloud.csproj", "{B84FD812-879D-48A7-849C-F7563BD1F21D}"
EndProject
Project("{FAE04EC0-301F-11D3-BF4B-00C04F79EFBC}") = "MailRuEncryptedCloud.ConsoleSync", "MailRuEncryptedCloud.ConsoleSync\MailRuEncryptedCloud.ConsoleSync.csproj", "{278AF85D-1C46-40DA-B57A-8E83D8215849}"
EndProject
Global
	GlobalSection(SolutionConfigurationPlatforms) = preSolution
		Debug|Any CPU = Debug|Any CPU
		Release|Any CPU = Release|Any CPU
	EndGlobalSection
	GlobalSection(ProjectConfigurationPlatforms) = postSolution
		{B84FD812-879D-48A7-849C-F7563BD1F21D}.Debug|Any CPU.ActiveCfg = Debug|Any CPU
		{B84FD812-879D-48A7-849C-F7563BD1F21D}.Debug|Any CPU.Build.0 = Debug|Any CPU
		{B84FD812-879D-48A7-849C-F7563BD1F21D}.Release|Any CPU.ActiveCfg = Release|Any CPU
		{B84FD812-879D-48A7-849C-F7563BD1F21D}.Release|Any CPU.Build.0 = Release|Any CPU
		{278AF85D-1C46-40DA-B57A-8E83D8215849}.Debug|Any CPU.ActiveCfg = Debug|Any CPU
		{278AF85D-1C46-40DA-B57A-8E83D8215849}.Debug|Any CPU.Build.0 = Debug|Any CPU
		{278AF85D-1C46-40DA-B57A-8E83D8215849}.Release|Any CPU.ActiveCfg = Release|Any CPU
		{278AF85D-1C46-40DA-B57A-8E83D8215849}.Release|Any CPU.Build.0 = Release|Any CPU
	EndGlobalSection
	GlobalSection(SolutionProperties) = preSolution
		HideSolutionNode = FALSE
	EndGlobalSection
	GlobalSection(ExtensibilityGlobals) = postSolution
		SolutionGuid = {4338DD32-C3FE-4EF7-BED7-3F7B20F84CAF}
	EndGlobalSection
EndGlobal
